
Microsoft Visual Studio Solution File, Format Version 12.00
# Visual Studio Version 17
VisualStudioVersion = 17.2.32616.157
MinimumVisualStudioVersion = 10.0.40219.1
Project("{FAE04EC0-301F-11D3-BF4B-00C04F79EFBC}") = "Atv06EntradaDeDados", "Atv06EntradaDeDados\Atv06EntradaDeDados.csproj", "{EAC37933-1160-48B8-91D1-BDA5038C3C8D}"
EndProject
Global
	GlobalSection(SolutionConfigurationPlatforms) = preSolution
		Debug|Any CPU = Debug|Any CPU
		Release|Any CPU = Release|Any CPU
	EndGlobalSection
	GlobalSection(ProjectConfigurationPlatforms) = postSolution
		{EAC37933-1160-48B8-91D1-BDA5038C3C8D}.Debug|Any CPU.ActiveCfg = Debug|Any CPU
		{EAC37933-1160-48B8-91D1-BDA5038C3C8D}.Debug|Any CPU.Build.0 = Debug|Any CPU
		{EAC37933-1160-48B8-91D1-BDA5038C3C8D}.Release|Any CPU.ActiveCfg = Release|Any CPU
		{EAC37933-1160-48B8-91D1-BDA5038C3C8D}.Release|Any CPU.Build.0 = Release|Any CPU
	EndGlobalSection
	GlobalSection(SolutionProperties) = preSolution
		HideSolutionNode = FALSE
	EndGlobalSection
	GlobalSection(ExtensibilityGlobals) = postSolution
		SolutionGuid = {7E7125AB-A57F-472C-95AC-C1A1DDE59BD4}
	EndGlobalSection
EndGlobal
