
Microsoft Visual Studio Solution File, Format Version 12.00
# Visual Studio Version 17
VisualStudioVersion = 17.2.32616.157
MinimumVisualStudioVersion = 10.0.40219.1
Project("{FAE04EC0-301F-11D3-BF4B-00C04F79EFBC}") = "Aula13_Nullable", "Aula13_Nullable\Aula13_Nullable.csproj", "{CAE3A61B-E4D1-4752-BD19-65B13FB9F562}"
EndProject
Global
	GlobalSection(SolutionConfigurationPlatforms) = preSolution
		Debug|Any CPU = Debug|Any CPU
		Release|Any CPU = Release|Any CPU
	EndGlobalSection
	GlobalSection(ProjectConfigurationPlatforms) = postSolution
		{CAE3A61B-E4D1-4752-BD19-65B13FB9F562}.Debug|Any CPU.ActiveCfg = Debug|Any CPU
		{CAE3A61B-E4D1-4752-BD19-65B13FB9F562}.Debug|Any CPU.Build.0 = Debug|Any CPU
		{CAE3A61B-E4D1-4752-BD19-65B13FB9F562}.Release|Any CPU.ActiveCfg = Release|Any CPU
		{CAE3A61B-E4D1-4752-BD19-65B13FB9F562}.Release|Any CPU.Build.0 = Release|Any CPU
	EndGlobalSection
	GlobalSection(SolutionProperties) = preSolution
		HideSolutionNode = FALSE
	EndGlobalSection
	GlobalSection(ExtensibilityGlobals) = postSolution
		SolutionGuid = {323C1E4D-6481-41C6-93E5-8E4AC4D7B94B}
	EndGlobalSection
EndGlobal
