
Microsoft Visual Studio Solution File, Format Version 12.00
# Visual Studio Version 17
VisualStudioVersion = 17.2.32616.157
MinimumVisualStudioVersion = 10.0.40219.1
Project("{FAE04EC0-301F-11D3-BF4B-00C04F79EFBC}") = "Secao07_exemplo", "Secao07_exemplo\Secao07_exemplo.csproj", "{01219019-6F0E-454A-8319-43D053F060E0}"
EndProject
Global
	GlobalSection(SolutionConfigurationPlatforms) = preSolution
		Debug|Any CPU = Debug|Any CPU
		Release|Any CPU = Release|Any CPU
	EndGlobalSection
	GlobalSection(ProjectConfigurationPlatforms) = postSolution
		{01219019-6F0E-454A-8319-43D053F060E0}.Debug|Any CPU.ActiveCfg = Debug|Any CPU
		{01219019-6F0E-454A-8319-43D053F060E0}.Debug|Any CPU.Build.0 = Debug|Any CPU
		{01219019-6F0E-454A-8319-43D053F060E0}.Release|Any CPU.ActiveCfg = Release|Any CPU
		{01219019-6F0E-454A-8319-43D053F060E0}.Release|Any CPU.Build.0 = Release|Any CPU
	EndGlobalSection
	GlobalSection(SolutionProperties) = preSolution
		HideSolutionNode = FALSE
	EndGlobalSection
	GlobalSection(ExtensibilityGlobals) = postSolution
		SolutionGuid = {7A772B0E-23D0-4AEF-9E4D-F78BA82C71AB}
	EndGlobalSection
EndGlobal
