
Microsoft Visual Studio Solution File, Format Version 12.00
# Visual Studio Version 17
VisualStudioVersion = 17.2.32616.157
MinimumVisualStudioVersion = 10.0.40219.1
Project("{FAE04EC0-301F-11D3-BF4B-00C04F79EFBC}") = "Secao09", "Secao09\Secao09.csproj", "{5205978D-D136-453D-902E-08F02FEF52DB}"
EndProject
Global
	GlobalSection(SolutionConfigurationPlatforms) = preSolution
		Debug|Any CPU = Debug|Any CPU
		Release|Any CPU = Release|Any CPU
	EndGlobalSection
	GlobalSection(ProjectConfigurationPlatforms) = postSolution
		{5205978D-D136-453D-902E-08F02FEF52DB}.Debug|Any CPU.ActiveCfg = Debug|Any CPU
		{5205978D-D136-453D-902E-08F02FEF52DB}.Debug|Any CPU.Build.0 = Debug|Any CPU
		{5205978D-D136-453D-902E-08F02FEF52DB}.Release|Any CPU.ActiveCfg = Release|Any CPU
		{5205978D-D136-453D-902E-08F02FEF52DB}.Release|Any CPU.Build.0 = Release|Any CPU
	EndGlobalSection
	GlobalSection(SolutionProperties) = preSolution
		HideSolutionNode = FALSE
	EndGlobalSection
	GlobalSection(ExtensibilityGlobals) = postSolution
		SolutionGuid = {CF432637-0712-46B1-AE1C-B3010FE803E1}
	EndGlobalSection
EndGlobal
