
Microsoft Visual Studio Solution File, Format Version 12.00
# Visual Studio Version 17
VisualStudioVersion = 17.2.32616.157
MinimumVisualStudioVersion = 10.0.40219.1
Project("{FAE04EC0-301F-11D3-BF4B-00C04F79EFBC}") = "Aula12Construtores", "Aula12Construtores\Aula12Construtores.csproj", "{FBCBCE94-C036-43FD-A566-7D85FB7AA7A8}"
EndProject
Global
	GlobalSection(SolutionConfigurationPlatforms) = preSolution
		Debug|Any CPU = Debug|Any CPU
		Release|Any CPU = Release|Any CPU
	EndGlobalSection
	GlobalSection(ProjectConfigurationPlatforms) = postSolution
		{FBCBCE94-C036-43FD-A566-7D85FB7AA7A8}.Debug|Any CPU.ActiveCfg = Debug|Any CPU
		{FBCBCE94-C036-43FD-A566-7D85FB7AA7A8}.Debug|Any CPU.Build.0 = Debug|Any CPU
		{FBCBCE94-C036-43FD-A566-7D85FB7AA7A8}.Release|Any CPU.ActiveCfg = Release|Any CPU
		{FBCBCE94-C036-43FD-A566-7D85FB7AA7A8}.Release|Any CPU.Build.0 = Release|Any CPU
	EndGlobalSection
	GlobalSection(SolutionProperties) = preSolution
		HideSolutionNode = FALSE
	EndGlobalSection
	GlobalSection(ExtensibilityGlobals) = postSolution
		SolutionGuid = {40D2307D-9AEF-4616-ADC2-686B49F0AFD4}
	EndGlobalSection
EndGlobal
