
Microsoft Visual Studio Solution File, Format Version 12.00
# Visual Studio Version 17
VisualStudioVersion = 17.2.32616.157
MinimumVisualStudioVersion = 10.0.40219.1
Project("{FAE04EC0-301F-11D3-BF4B-00C04F79EFBC}") = "Ex1SaidaDeDados", "Ex1SaidaDeDados\Ex1SaidaDeDados.csproj", "{1C5F869D-5B65-47BB-9AD6-242239A34480}"
EndProject
Global
	GlobalSection(SolutionConfigurationPlatforms) = preSolution
		Debug|Any CPU = Debug|Any CPU
		Release|Any CPU = Release|Any CPU
	EndGlobalSection
	GlobalSection(ProjectConfigurationPlatforms) = postSolution
		{1C5F869D-5B65-47BB-9AD6-242239A34480}.Debug|Any CPU.ActiveCfg = Debug|Any CPU
		{1C5F869D-5B65-47BB-9AD6-242239A34480}.Debug|Any CPU.Build.0 = Debug|Any CPU
		{1C5F869D-5B65-47BB-9AD6-242239A34480}.Release|Any CPU.ActiveCfg = Release|Any CPU
		{1C5F869D-5B65-47BB-9AD6-242239A34480}.Release|Any CPU.Build.0 = Release|Any CPU
	EndGlobalSection
	GlobalSection(SolutionProperties) = preSolution
		HideSolutionNode = FALSE
	EndGlobalSection
	GlobalSection(ExtensibilityGlobals) = postSolution
		SolutionGuid = {09E7201E-1DD9-459D-8674-7D0BF700CA08}
	EndGlobalSection
EndGlobal
