
Microsoft Visual Studio Solution File, Format Version 12.00
# Visual Studio Version 17
VisualStudioVersion = 17.2.32616.157
MinimumVisualStudioVersion = 10.0.40219.1
Project("{FAE04EC0-301F-11D3-BF4B-00C04F79EFBC}") = "Ex09CalculoRaio_Instanciado", "Ex09CalculoRaio_Instanciado\Ex09CalculoRaio_Instanciado.csproj", "{BF272BD2-03F9-4E91-B1F6-B042D8F8B892}"
EndProject
Global
	GlobalSection(SolutionConfigurationPlatforms) = preSolution
		Debug|Any CPU = Debug|Any CPU
		Release|Any CPU = Release|Any CPU
	EndGlobalSection
	GlobalSection(ProjectConfigurationPlatforms) = postSolution
		{BF272BD2-03F9-4E91-B1F6-B042D8F8B892}.Debug|Any CPU.ActiveCfg = Debug|Any CPU
		{BF272BD2-03F9-4E91-B1F6-B042D8F8B892}.Debug|Any CPU.Build.0 = Debug|Any CPU
		{BF272BD2-03F9-4E91-B1F6-B042D8F8B892}.Release|Any CPU.ActiveCfg = Release|Any CPU
		{BF272BD2-03F9-4E91-B1F6-B042D8F8B892}.Release|Any CPU.Build.0 = Release|Any CPU
	EndGlobalSection
	GlobalSection(SolutionProperties) = preSolution
		HideSolutionNode = FALSE
	EndGlobalSection
	GlobalSection(ExtensibilityGlobals) = postSolution
		SolutionGuid = {31DE4698-92DF-4205-8C85-016F1A03D933}
	EndGlobalSection
EndGlobal
