
Microsoft Visual Studio Solution File, Format Version 12.00
# Visual Studio Version 17
VisualStudioVersion = 17.2.32616.157
MinimumVisualStudioVersion = 10.0.40219.1
Project("{FAE04EC0-301F-11D3-BF4B-00C04F79EFBC}") = "Aula16_Matrizes", "Aula16_Matrizes\Aula16_Matrizes.csproj", "{FC1B72AA-81B9-4D97-B138-452E80FD4061}"
EndProject
Global
	GlobalSection(SolutionConfigurationPlatforms) = preSolution
		Debug|Any CPU = Debug|Any CPU
		Release|Any CPU = Release|Any CPU
	EndGlobalSection
	GlobalSection(ProjectConfigurationPlatforms) = postSolution
		{FC1B72AA-81B9-4D97-B138-452E80FD4061}.Debug|Any CPU.ActiveCfg = Debug|Any CPU
		{FC1B72AA-81B9-4D97-B138-452E80FD4061}.Debug|Any CPU.Build.0 = Debug|Any CPU
		{FC1B72AA-81B9-4D97-B138-452E80FD4061}.Release|Any CPU.ActiveCfg = Release|Any CPU
		{FC1B72AA-81B9-4D97-B138-452E80FD4061}.Release|Any CPU.Build.0 = Release|Any CPU
	EndGlobalSection
	GlobalSection(SolutionProperties) = preSolution
		HideSolutionNode = FALSE
	EndGlobalSection
	GlobalSection(ExtensibilityGlobals) = postSolution
		SolutionGuid = {75022CF2-4A1A-4CA7-A1F2-04E692249788}
	EndGlobalSection
EndGlobal
