
Microsoft Visual Studio Solution File, Format Version 12.00
# Visual Studio Version 17
VisualStudioVersion = 17.2.32616.157
MinimumVisualStudioVersion = 10.0.40219.1
Project("{FAE04EC0-301F-11D3-BF4B-00C04F79EFBC}") = "WinFormsApp1", "WinFormsApp1\WinFormsApp1.csproj", "{3FE963B4-488E-4E54-955D-DE4A3423D192}"
EndProject
Global
	GlobalSection(SolutionConfigurationPlatforms) = preSolution
		Debug|Any CPU = Debug|Any CPU
		Release|Any CPU = Release|Any CPU
	EndGlobalSection
	GlobalSection(ProjectConfigurationPlatforms) = postSolution
		{3FE963B4-488E-4E54-955D-DE4A3423D192}.Debug|Any CPU.ActiveCfg = Debug|Any CPU
		{3FE963B4-488E-4E54-955D-DE4A3423D192}.Debug|Any CPU.Build.0 = Debug|Any CPU
		{3FE963B4-488E-4E54-955D-DE4A3423D192}.Release|Any CPU.ActiveCfg = Release|Any CPU
		{3FE963B4-488E-4E54-955D-DE4A3423D192}.Release|Any CPU.Build.0 = Release|Any CPU
	EndGlobalSection
	GlobalSection(SolutionProperties) = preSolution
		HideSolutionNode = FALSE
	EndGlobalSection
	GlobalSection(ExtensibilityGlobals) = postSolution
		SolutionGuid = {3F5C776E-91BE-4095-A352-A8C417C95B95}
	EndGlobalSection
EndGlobal
