
Microsoft Visual Studio Solution File, Format Version 12.00
# Visual Studio Version 17
VisualStudioVersion = 17.2.32616.157
MinimumVisualStudioVersion = 10.0.40219.1
Project("{FAE04EC0-301F-11D3-BF4B-00C04F79EFBC}") = "ExercicioSecao05Properties", "ExercicioSecao05Properties\ExercicioSecao05Properties.csproj", "{AA6F7F16-C31B-4B93-AB38-59673A96DDEB}"
EndProject
Global
	GlobalSection(SolutionConfigurationPlatforms) = preSolution
		Debug|Any CPU = Debug|Any CPU
		Release|Any CPU = Release|Any CPU
	EndGlobalSection
	GlobalSection(ProjectConfigurationPlatforms) = postSolution
		{AA6F7F16-C31B-4B93-AB38-59673A96DDEB}.Debug|Any CPU.ActiveCfg = Debug|Any CPU
		{AA6F7F16-C31B-4B93-AB38-59673A96DDEB}.Debug|Any CPU.Build.0 = Debug|Any CPU
		{AA6F7F16-C31B-4B93-AB38-59673A96DDEB}.Release|Any CPU.ActiveCfg = Release|Any CPU
		{AA6F7F16-C31B-4B93-AB38-59673A96DDEB}.Release|Any CPU.Build.0 = Release|Any CPU
	EndGlobalSection
	GlobalSection(SolutionProperties) = preSolution
		HideSolutionNode = FALSE
	EndGlobalSection
	GlobalSection(ExtensibilityGlobals) = postSolution
		SolutionGuid = {23E08E31-40DA-41EA-A858-F1BB553EC9BD}
	EndGlobalSection
EndGlobal
