
Microsoft Visual Studio Solution File, Format Version 12.00
# Visual Studio Version 17
VisualStudioVersion = 17.2.32616.157
MinimumVisualStudioVersion = 10.0.40219.1
Project("{FAE04EC0-301F-11D3-BF4B-00C04F79EFBC}") = "Secao10HerancaPolimorfismo", "Secao10HerancaPolimorfismo\Secao10HerancaPolimorfismo.csproj", "{81FC8323-A856-44E1-9B61-B4C3D927815C}"
EndProject
Global
	GlobalSection(SolutionConfigurationPlatforms) = preSolution
		Debug|Any CPU = Debug|Any CPU
		Release|Any CPU = Release|Any CPU
	EndGlobalSection
	GlobalSection(ProjectConfigurationPlatforms) = postSolution
		{81FC8323-A856-44E1-9B61-B4C3D927815C}.Debug|Any CPU.ActiveCfg = Debug|Any CPU
		{81FC8323-A856-44E1-9B61-B4C3D927815C}.Debug|Any CPU.Build.0 = Debug|Any CPU
		{81FC8323-A856-44E1-9B61-B4C3D927815C}.Release|Any CPU.ActiveCfg = Release|Any CPU
		{81FC8323-A856-44E1-9B61-B4C3D927815C}.Release|Any CPU.Build.0 = Release|Any CPU
	EndGlobalSection
	GlobalSection(SolutionProperties) = preSolution
		HideSolutionNode = FALSE
	EndGlobalSection
	GlobalSection(ExtensibilityGlobals) = postSolution
		SolutionGuid = {278107F0-1514-47F2-9E5C-9AE240B2D92F}
	EndGlobalSection
EndGlobal
