
Microsoft Visual Studio Solution File, Format Version 12.00
# Visual Studio Version 17
VisualStudioVersion = 17.2.32616.157
MinimumVisualStudioVersion = 10.0.40219.1
Project("{FAE04EC0-301F-11D3-BF4B-00C04F79EFBC}") = "Ex07", "Ex07\Ex07.csproj", "{57861A88-D0FA-4808-9FF9-85BFA6D4E4F7}"
EndProject
Global
	GlobalSection(SolutionConfigurationPlatforms) = preSolution
		Debug|Any CPU = Debug|Any CPU
		Release|Any CPU = Release|Any CPU
	EndGlobalSection
	GlobalSection(ProjectConfigurationPlatforms) = postSolution
		{57861A88-D0FA-4808-9FF9-85BFA6D4E4F7}.Debug|Any CPU.ActiveCfg = Debug|Any CPU
		{57861A88-D0FA-4808-9FF9-85BFA6D4E4F7}.Debug|Any CPU.Build.0 = Debug|Any CPU
		{57861A88-D0FA-4808-9FF9-85BFA6D4E4F7}.Release|Any CPU.ActiveCfg = Release|Any CPU
		{57861A88-D0FA-4808-9FF9-85BFA6D4E4F7}.Release|Any CPU.Build.0 = Release|Any CPU
	EndGlobalSection
	GlobalSection(SolutionProperties) = preSolution
		HideSolutionNode = FALSE
	EndGlobalSection
	GlobalSection(ExtensibilityGlobals) = postSolution
		SolutionGuid = {F49966C1-6136-444D-83AF-1555952359F2}
	EndGlobalSection
EndGlobal
