
Microsoft Visual Studio Solution File, Format Version 12.00
# Visual Studio Version 17
VisualStudioVersion = 17.2.32616.157
MinimumVisualStudioVersion = 10.0.40219.1
Project("{FAE04EC0-301F-11D3-BF4B-00C04F79EFBC}") = "ExercicioProposto02", "ExercicioProposto02\ExercicioProposto02.csproj", "{9A86991A-621B-4254-8C4C-BD29EB64A56B}"
EndProject
Global
	GlobalSection(SolutionConfigurationPlatforms) = preSolution
		Debug|Any CPU = Debug|Any CPU
		Release|Any CPU = Release|Any CPU
	EndGlobalSection
	GlobalSection(ProjectConfigurationPlatforms) = postSolution
		{9A86991A-621B-4254-8C4C-BD29EB64A56B}.Debug|Any CPU.ActiveCfg = Debug|Any CPU
		{9A86991A-621B-4254-8C4C-BD29EB64A56B}.Debug|Any CPU.Build.0 = Debug|Any CPU
		{9A86991A-621B-4254-8C4C-BD29EB64A56B}.Release|Any CPU.ActiveCfg = Release|Any CPU
		{9A86991A-621B-4254-8C4C-BD29EB64A56B}.Release|Any CPU.Build.0 = Release|Any CPU
	EndGlobalSection
	GlobalSection(SolutionProperties) = preSolution
		HideSolutionNode = FALSE
	EndGlobalSection
	GlobalSection(ExtensibilityGlobals) = postSolution
		SolutionGuid = {552849A4-0145-4B4D-B851-1C41F8022C37}
	EndGlobalSection
EndGlobal
