
Microsoft Visual Studio Solution File, Format Version 12.00
# Visual Studio Version 17
VisualStudioVersion = 17.2.32616.157
MinimumVisualStudioVersion = 10.0.40219.1
Project("{FAE04EC0-301F-11D3-BF4B-00C04F79EFBC}") = "Ex04_ClassFuncionario", "Ex04_ClassFuncionario\Ex04_ClassFuncionario.csproj", "{0167C1BA-3375-41E5-9B52-765B72D6C280}"
EndProject
Global
	GlobalSection(SolutionConfigurationPlatforms) = preSolution
		Debug|Any CPU = Debug|Any CPU
		Release|Any CPU = Release|Any CPU
	EndGlobalSection
	GlobalSection(ProjectConfigurationPlatforms) = postSolution
		{0167C1BA-3375-41E5-9B52-765B72D6C280}.Debug|Any CPU.ActiveCfg = Debug|Any CPU
		{0167C1BA-3375-41E5-9B52-765B72D6C280}.Debug|Any CPU.Build.0 = Debug|Any CPU
		{0167C1BA-3375-41E5-9B52-765B72D6C280}.Release|Any CPU.ActiveCfg = Release|Any CPU
		{0167C1BA-3375-41E5-9B52-765B72D6C280}.Release|Any CPU.Build.0 = Release|Any CPU
	EndGlobalSection
	GlobalSection(SolutionProperties) = preSolution
		HideSolutionNode = FALSE
	EndGlobalSection
	GlobalSection(ExtensibilityGlobals) = postSolution
		SolutionGuid = {B4131399-2A18-4532-BBB0-1DB0C0B20892}
	EndGlobalSection
EndGlobal
