
Microsoft Visual Studio Solution File, Format Version 12.00
# Visual Studio Version 17
VisualStudioVersion = 17.2.32616.157
MinimumVisualStudioVersion = 10.0.40219.1
Project("{FAE04EC0-301F-11D3-BF4B-00C04F79EFBC}") = "Ex06", "Ex06\Ex06.csproj", "{7BBEABE9-0EFF-4261-841F-0CEED6D13F53}"
EndProject
Global
	GlobalSection(SolutionConfigurationPlatforms) = preSolution
		Debug|Any CPU = Debug|Any CPU
		Release|Any CPU = Release|Any CPU
	EndGlobalSection
	GlobalSection(ProjectConfigurationPlatforms) = postSolution
		{7BBEABE9-0EFF-4261-841F-0CEED6D13F53}.Debug|Any CPU.ActiveCfg = Debug|Any CPU
		{7BBEABE9-0EFF-4261-841F-0CEED6D13F53}.Debug|Any CPU.Build.0 = Debug|Any CPU
		{7BBEABE9-0EFF-4261-841F-0CEED6D13F53}.Release|Any CPU.ActiveCfg = Release|Any CPU
		{7BBEABE9-0EFF-4261-841F-0CEED6D13F53}.Release|Any CPU.Build.0 = Release|Any CPU
	EndGlobalSection
	GlobalSection(SolutionProperties) = preSolution
		HideSolutionNode = FALSE
	EndGlobalSection
	GlobalSection(ExtensibilityGlobals) = postSolution
		SolutionGuid = {2E58891C-2ABB-4B31-93A6-6535E0EFA909}
	EndGlobalSection
EndGlobal
